
Microsoft Visual Studio Solution File, Format Version 12.00
# Visual Studio Version 17
VisualStudioVersion = 17.4.33122.133
MinimumVisualStudioVersion = 10.0.40219.1
Project("{FAE04EC0-301F-11D3-BF4B-00C04F79EFBC}") = "PhotoResizerApp", "PhotoResizerApp\PhotoResizerApp.csproj", "{B2C35778-9CF1-4594-8F53-33E3FBB6C0A2}"
EndProject
Global
	GlobalSection(SolutionConfigurationPlatforms) = preSolution
		Debug|Any CPU = Debug|Any CPU
		Release|Any CPU = Release|Any CPU
	EndGlobalSection
	GlobalSection(ProjectConfigurationPlatforms) = postSolution
		{B2C35778-9CF1-4594-8F53-33E3FBB6C0A2}.Debug|Any CPU.ActiveCfg = Debug|Any CPU
		{B2C35778-9CF1-4594-8F53-33E3FBB6C0A2}.Debug|Any CPU.Build.0 = Debug|Any CPU
		{B2C35778-9CF1-4594-8F53-33E3FBB6C0A2}.Release|Any CPU.ActiveCfg = Release|Any CPU
		{B2C35778-9CF1-4594-8F53-33E3FBB6C0A2}.Release|Any CPU.Build.0 = Release|Any CPU
	EndGlobalSection
	GlobalSection(SolutionProperties) = preSolution
		HideSolutionNode = FALSE
	EndGlobalSection
	GlobalSection(ExtensibilityGlobals) = postSolution
		SolutionGuid = {0A06198B-3718-4390-84AE-ABD88B25254D}
	EndGlobalSection
EndGlobal
